{
  "name": "pws-refactor",
  "lockfileVersion": 2,
  "requires": true,
  "packages": {
    "": {
      "devDependencies": {
        "@types/async": "^3.2.20"
      }
    },
    "node_modules/@types/async": {
      "version": "3.2.20",
      "resolved": "https://registry.npmjs.org/@types/async/-/async-3.2.20.tgz",
      "integrity": "sha512-6jSBQQugzyX1aWto0CbvOnmxrU9tMoXfA9gc4IrLEtvr3dTwSg5GLGoWiZnGLI6UG/kqpB3JOQKQrqnhUWGKQA==",
      "dev": true
    }
  },
  "dependencies": {
    "@types/async": {
      "version": "3.2.20",
      "resolved": "https://registry.npmjs.org/@types/async/-/async-3.2.20.tgz",
      "integrity": "sha512-6jSBQQugzyX1aWto0CbvOnmxrU9tMoXfA9gc4IrLEtvr3dTwSg5GLGoWiZnGLI6UG/kqpB3JOQKQrqnhUWGKQA==",
      "dev": true
    }
  }
}
